{
  "name": "@bala_dev/inknest-common",
  "version": "1.0.3",
  "lockfileVersion": 3,
  "requires": true,
  "packages": {
    "": {
      "name": "@bala_dev/inknest-common",
      "version": "1.0.3",
      "license": "ISC",
      "dependencies": {
        "@bala_dev/inknest-common": "^1.0.2",
        "zod": "^4.1.5"
      }
    },
    "node_modules/@bala_dev/inknest-common": {
      "version": "1.0.2",
      "resolved": "https://registry.npmjs.org/@bala_dev/inknest-common/-/inknest-common-1.0.2.tgz",
      "integrity": "sha512-mcVncYTsgLyP1FS37wWbWSCiTW7UkvblF6zl7pWWGo0v+0KGoIZvCFW0lhka06xU96WfmcePnlVUD0pkI6LSuw==",
      "license": "ISC",
      "dependencies": {
        "@bala_dev/inknest-common": "^1.0.1",
        "zod": "^4.1.5"
      }
    },
    "node_modules/zod": {
      "version": "4.1.5",
      "resolved": "https://registry.npmjs.org/zod/-/zod-4.1.5.tgz",
      "integrity": "sha512-rcUUZqlLJgBC33IT3PNMgsCq6TzLQEG/Ei/KTCU0PedSWRMAXoOUN+4t/0H+Q8bdnLPdqUYnvboJT0bn/229qg==",
      "license": "MIT",
      "funding": {
        "url": "https://github.com/sponsors/colinhacks"
      }
    }
  }
}
